
Microsoft Visual Studio Solution File, Format Version 12.00
# Visual Studio 15
VisualStudioVersion = 15.0.27004.2009
MinimumVisualStudioVersion = 10.0.40219.1
Project("{2150E333-8FDC-42A3-9474-1A3956D46DE8}") = "src", "src", "{05D58AE3-1C92-4DFD-9FA0-03F3769B7115}"
EndProject
Project("{2150E333-8FDC-42A3-9474-1A3956D46DE8}") = "Solution Items", "Solution Items", "{119E85DB-F1FA-47A1-A655-63119DB4F921}"
	ProjectSection(SolutionItems) = preProject
		.gitignore = .gitignore
	EndProjectSection
EndProject
Project("{9A19103F-16F7-4668-BE54-9A1E7A4F7556}") = "KiteBotCore", "src\KiteBotCore\KiteBotCore.csproj", "{704BD01F-7437-4329-8B28-621394768C10}"
EndProject
Project("{9A19103F-16F7-4668-BE54-9A1E7A4F7556}") = "MarkovSharpCore", "src\MarkovSharpCore\MarkovSharpCore.csproj", "{31692B42-26A5-459D-A049-D8586B71A1FA}"
EndProject
Project("{9A19103F-16F7-4668-BE54-9A1E7A4F7556}") = "LassieME", "src\LassieME\LassieME.csproj", "{8748A88B-EE70-4DC2-8E56-3C055A28B5C8}"
EndProject
Project("{9A19103F-16F7-4668-BE54-9A1E7A4F7556}") = "Discord.Addons.EmojiTools", "src\Discord.Addons.EmojiTools\Discord.Addons.EmojiTools.csproj", "{C9A27EAA-FAEE-47DA-9772-3011B2C9C41D}"
EndProject
Project("{9A19103F-16F7-4668-BE54-9A1E7A4F7556}") = "ExtendedGiantBombClient", "src\ExtendedGiantBombClient\ExtendedGiantBombClient.csproj", "{9E7745E9-EC4E-45CB-B389-885BD74F3F2A}"
EndProject
Project("{9A19103F-16F7-4668-BE54-9A1E7A4F7556}") = "Discord.Addons.InteractiveCommands", "src\Discord.Addons.InteractiveCommands\src\Discord.Addons.InteractiveCommands\Discord.Addons.InteractiveCommands.csproj", "{D39095BF-1656-4D40-B3CF-54F88F9D6FF4}"
EndProject
Global
	GlobalSection(SolutionConfigurationPlatforms) = preSolution
		Debug|Any CPU = Debug|Any CPU
		Debug|x64 = Debug|x64
		Debug|x86 = Debug|x86
		Release|Any CPU = Release|Any CPU
		Release|x64 = Release|x64
		Release|x86 = Release|x86
	EndGlobalSection
	GlobalSection(ProjectConfigurationPlatforms) = postSolution
		{704BD01F-7437-4329-8B28-621394768C10}.Debug|Any CPU.ActiveCfg = Debug|Any CPU
		{704BD01F-7437-4329-8B28-621394768C10}.Debug|Any CPU.Build.0 = Debug|Any CPU
		{704BD01F-7437-4329-8B28-621394768C10}.Debug|x64.ActiveCfg = Debug|Any CPU
		{704BD01F-7437-4329-8B28-621394768C10}.Debug|x64.Build.0 = Debug|Any CPU
		{704BD01F-7437-4329-8B28-621394768C10}.Debug|x86.ActiveCfg = Debug|Any CPU
		{704BD01F-7437-4329-8B28-621394768C10}.Debug|x86.Build.0 = Debug|Any CPU
		{704BD01F-7437-4329-8B28-621394768C10}.Release|Any CPU.ActiveCfg = Debug|Any CPU
		{704BD01F-7437-4329-8B28-621394768C10}.Release|Any CPU.Build.0 = Debug|Any CPU
		{704BD01F-7437-4329-8B28-621394768C10}.Release|x64.ActiveCfg = Release|Any CPU
		{704BD01F-7437-4329-8B28-621394768C10}.Release|x64.Build.0 = Release|Any CPU
		{704BD01F-7437-4329-8B28-621394768C10}.Release|x86.ActiveCfg = Release|Any CPU
		{704BD01F-7437-4329-8B28-621394768C10}.Release|x86.Build.0 = Release|Any CPU
		{31692B42-26A5-459D-A049-D8586B71A1FA}.Debug|Any CPU.ActiveCfg = Debug|Any CPU
		{31692B42-26A5-459D-A049-D8586B71A1FA}.Debug|Any CPU.Build.0 = Debug|Any CPU
		{31692B42-26A5-459D-A049-D8586B71A1FA}.Debug|x64.ActiveCfg = Debug|Any CPU
		{31692B42-26A5-459D-A049-D8586B71A1FA}.Debug|x64.Build.0 = Debug|Any CPU
		{31692B42-26A5-459D-A049-D8586B71A1FA}.Debug|x86.ActiveCfg = Debug|Any CPU
		{31692B42-26A5-459D-A049-D8586B71A1FA}.Debug|x86.Build.0 = Debug|Any CPU
		{31692B42-26A5-459D-A049-D8586B71A1FA}.Release|Any CPU.ActiveCfg = Release|Any CPU
		{31692B42-26A5-459D-A049-D8586B71A1FA}.Release|Any CPU.Build.0 = Release|Any CPU
		{31692B42-26A5-459D-A049-D8586B71A1FA}.Release|x64.ActiveCfg = Release|Any CPU
		{31692B42-26A5-459D-A049-D8586B71A1FA}.Release|x64.Build.0 = Release|Any CPU
		{31692B42-26A5-459D-A049-D8586B71A1FA}.Release|x86.ActiveCfg = Release|Any CPU
		{31692B42-26A5-459D-A049-D8586B71A1FA}.Release|x86.Build.0 = Release|Any CPU
		{8748A88B-EE70-4DC2-8E56-3C055A28B5C8}.Debug|Any CPU.ActiveCfg = Debug|Any CPU
		{8748A88B-EE70-4DC2-8E56-3C055A28B5C8}.Debug|Any CPU.Build.0 = Debug|Any CPU
		{8748A88B-EE70-4DC2-8E56-3C055A28B5C8}.Debug|x64.ActiveCfg = Debug|Any CPU
		{8748A88B-EE70-4DC2-8E56-3C055A28B5C8}.Debug|x64.Build.0 = Debug|Any CPU
		{8748A88B-EE70-4DC2-8E56-3C055A28B5C8}.Debug|x86.ActiveCfg = Debug|Any CPU
		{8748A88B-EE70-4DC2-8E56-3C055A28B5C8}.Debug|x86.Build.0 = Debug|Any CPU
		{8748A88B-EE70-4DC2-8E56-3C055A28B5C8}.Release|Any CPU.ActiveCfg = Release|Any CPU
		{8748A88B-EE70-4DC2-8E56-3C055A28B5C8}.Release|Any CPU.Build.0 = Release|Any CPU
		{8748A88B-EE70-4DC2-8E56-3C055A28B5C8}.Release|x64.ActiveCfg = Release|Any CPU
		{8748A88B-EE70-4DC2-8E56-3C055A28B5C8}.Release|x64.Build.0 = Release|Any CPU
		{8748A88B-EE70-4DC2-8E56-3C055A28B5C8}.Release|x86.ActiveCfg = Release|Any CPU
		{8748A88B-EE70-4DC2-8E56-3C055A28B5C8}.Release|x86.Build.0 = Release|Any CPU
		{C9A27EAA-FAEE-47DA-9772-3011B2C9C41D}.Debug|Any CPU.ActiveCfg = Debug|Any CPU
		{C9A27EAA-FAEE-47DA-9772-3011B2C9C41D}.Debug|Any CPU.Build.0 = Debug|Any CPU
		{C9A27EAA-FAEE-47DA-9772-3011B2C9C41D}.Debug|x64.ActiveCfg = Debug|Any CPU
		{C9A27EAA-FAEE-47DA-9772-3011B2C9C41D}.Debug|x64.Build.0 = Debug|Any CPU
		{C9A27EAA-FAEE-47DA-9772-3011B2C9C41D}.Debug|x86.ActiveCfg = Debug|Any CPU
		{C9A27EAA-FAEE-47DA-9772-3011B2C9C41D}.Debug|x86.Build.0 = Debug|Any CPU
		{C9A27EAA-FAEE-47DA-9772-3011B2C9C41D}.Release|Any CPU.ActiveCfg = Release|Any CPU
		{C9A27EAA-FAEE-47DA-9772-3011B2C9C41D}.Release|Any CPU.Build.0 = Release|Any CPU
		{C9A27EAA-FAEE-47DA-9772-3011B2C9C41D}.Release|x64.ActiveCfg = Release|Any CPU
		{C9A27EAA-FAEE-47DA-9772-3011B2C9C41D}.Release|x64.Build.0 = Release|Any CPU
		{C9A27EAA-FAEE-47DA-9772-3011B2C9C41D}.Release|x86.ActiveCfg = Release|Any CPU
		{C9A27EAA-FAEE-47DA-9772-3011B2C9C41D}.Release|x86.Build.0 = Release|Any CPU
		{9E7745E9-EC4E-45CB-B389-885BD74F3F2A}.Debug|Any CPU.ActiveCfg = Debug|Any CPU
		{9E7745E9-EC4E-45CB-B389-885BD74F3F2A}.Debug|Any CPU.Build.0 = Debug|Any CPU
		{9E7745E9-EC4E-45CB-B389-885BD74F3F2A}.Debug|x64.ActiveCfg = Debug|Any CPU
		{9E7745E9-EC4E-45CB-B389-885BD74F3F2A}.Debug|x64.Build.0 = Debug|Any CPU
		{9E7745E9-EC4E-45CB-B389-885BD74F3F2A}.Debug|x86.ActiveCfg = Debug|Any CPU
		{9E7745E9-EC4E-45CB-B389-885BD74F3F2A}.Debug|x86.Build.0 = Debug|Any CPU
		{9E7745E9-EC4E-45CB-B389-885BD74F3F2A}.Release|Any CPU.ActiveCfg = Release|Any CPU
		{9E7745E9-EC4E-45CB-B389-885BD74F3F2A}.Release|Any CPU.Build.0 = Release|Any CPU
		{9E7745E9-EC4E-45CB-B389-885BD74F3F2A}.Release|x64.ActiveCfg = Release|Any CPU
		{9E7745E9-EC4E-45CB-B389-885BD74F3F2A}.Release|x64.Build.0 = Release|Any CPU
		{9E7745E9-EC4E-45CB-B389-885BD74F3F2A}.Release|x86.ActiveCfg = Release|Any CPU
		{9E7745E9-EC4E-45CB-B389-885BD74F3F2A}.Release|x86.Build.0 = Release|Any CPU
		{D39095BF-1656-4D40-B3CF-54F88F9D6FF4}.Debug|Any CPU.ActiveCfg = Debug|Any CPU
		{D39095BF-1656-4D40-B3CF-54F88F9D6FF4}.Debug|Any CPU.Build.0 = Debug|Any CPU
		{D39095BF-1656-4D40-B3CF-54F88F9D6FF4}.Debug|x64.ActiveCfg = Debug|Any CPU
		{D39095BF-1656-4D40-B3CF-54F88F9D6FF4}.Debug|x64.Build.0 = Debug|Any CPU
		{D39095BF-1656-4D40-B3CF-54F88F9D6FF4}.Debug|x86.ActiveCfg = Debug|Any CPU
		{D39095BF-1656-4D40-B3CF-54F88F9D6FF4}.Debug|x86.Build.0 = Debug|Any CPU
		{D39095BF-1656-4D40-B3CF-54F88F9D6FF4}.Release|Any CPU.ActiveCfg = Release|Any CPU
		{D39095BF-1656-4D40-B3CF-54F88F9D6FF4}.Release|Any CPU.Build.0 = Release|Any CPU
		{D39095BF-1656-4D40-B3CF-54F88F9D6FF4}.Release|x64.ActiveCfg = Release|Any CPU
		{D39095BF-1656-4D40-B3CF-54F88F9D6FF4}.Release|x64.Build.0 = Release|Any CPU
		{D39095BF-1656-4D40-B3CF-54F88F9D6FF4}.Release|x86.ActiveCfg = Release|Any CPU
		{D39095BF-1656-4D40-B3CF-54F88F9D6FF4}.Release|x86.Build.0 = Release|Any CPU
	EndGlobalSection
	GlobalSection(SolutionProperties) = preSolution
		HideSolutionNode = FALSE
	EndGlobalSection
	GlobalSection(NestedProjects) = preSolution
		{704BD01F-7437-4329-8B28-621394768C10} = {05D58AE3-1C92-4DFD-9FA0-03F3769B7115}
		{31692B42-26A5-459D-A049-D8586B71A1FA} = {05D58AE3-1C92-4DFD-9FA0-03F3769B7115}
		{8748A88B-EE70-4DC2-8E56-3C055A28B5C8} = {05D58AE3-1C92-4DFD-9FA0-03F3769B7115}
		{C9A27EAA-FAEE-47DA-9772-3011B2C9C41D} = {05D58AE3-1C92-4DFD-9FA0-03F3769B7115}
		{9E7745E9-EC4E-45CB-B389-885BD74F3F2A} = {05D58AE3-1C92-4DFD-9FA0-03F3769B7115}
		{D39095BF-1656-4D40-B3CF-54F88F9D6FF4} = {05D58AE3-1C92-4DFD-9FA0-03F3769B7115}
	EndGlobalSection
	GlobalSection(ExtensibilityGlobals) = postSolution
		SolutionGuid = {CBC44ECD-21DC-49A8-8245-7081549B032E}
	EndGlobalSection
EndGlobal
